
Microsoft Visual Studio Solution File, Format Version 12.00
# Visual Studio Version 17
VisualStudioVersion = 17.12.35506.116
MinimumVisualStudioVersion = 10.0.40219.1
Project("{8BC9CEB8-8B4A-11D0-8D11-00A0C91BC942}") = "class", "deque\deque1.vcxproj", "{ADD79A8D-9BAB-45EE-B3DC-18B9AE1547C7}"
EndProject
Project("{2150E333-8FDC-42A3-9474-1A3956D46DE8}") = "Solution Items", "Solution Items", "{8EC462FD-D22E-90A8-E5CE-7E832BA40C5D}"
	ProjectSection(SolutionItems) = preProject
		Doxyfile = Doxyfile
		Makefile = Makefile
	EndProjectSection
EndProject
Project("{8BC9CEB8-8B4A-11D0-8D11-00A0C91BC942}") = "vector", "vector\vector.vcxproj", "{E5117CD6-6DD5-4126-88A3-B920F0D09E1A}"
EndProject
Global
	GlobalSection(SolutionConfigurationPlatforms) = preSolution
		Debug|Any CPU = Debug|Any CPU
		Debug|x64 = Debug|x64
		Debug|x86 = Debug|x86
		Release|Any CPU = Release|Any CPU
		Release|x64 = Release|x64
		Release|x86 = Release|x86
	EndGlobalSection
	GlobalSection(ProjectConfigurationPlatforms) = postSolution
		{ADD79A8D-9BAB-45EE-B3DC-18B9AE1547C7}.Debug|Any CPU.ActiveCfg = Debug|x64
		{ADD79A8D-9BAB-45EE-B3DC-18B9AE1547C7}.Debug|Any CPU.Build.0 = Debug|x64
		{ADD79A8D-9BAB-45EE-B3DC-18B9AE1547C7}.Debug|x64.ActiveCfg = Debug|x64
		{ADD79A8D-9BAB-45EE-B3DC-18B9AE1547C7}.Debug|x64.Build.0 = Debug|x64
		{ADD79A8D-9BAB-45EE-B3DC-18B9AE1547C7}.Debug|x86.ActiveCfg = Debug|Win32
		{ADD79A8D-9BAB-45EE-B3DC-18B9AE1547C7}.Debug|x86.Build.0 = Debug|Win32
		{ADD79A8D-9BAB-45EE-B3DC-18B9AE1547C7}.Release|Any CPU.ActiveCfg = Release|x64
		{ADD79A8D-9BAB-45EE-B3DC-18B9AE1547C7}.Release|Any CPU.Build.0 = Release|x64
		{ADD79A8D-9BAB-45EE-B3DC-18B9AE1547C7}.Release|x64.ActiveCfg = Release|x64
		{ADD79A8D-9BAB-45EE-B3DC-18B9AE1547C7}.Release|x64.Build.0 = Release|x64
		{ADD79A8D-9BAB-45EE-B3DC-18B9AE1547C7}.Release|x86.ActiveCfg = Release|Win32
		{ADD79A8D-9BAB-45EE-B3DC-18B9AE1547C7}.Release|x86.Build.0 = Release|Win32
		{E5117CD6-6DD5-4126-88A3-B920F0D09E1A}.Debug|Any CPU.ActiveCfg = Debug|x64
		{E5117CD6-6DD5-4126-88A3-B920F0D09E1A}.Debug|Any CPU.Build.0 = Debug|x64
		{E5117CD6-6DD5-4126-88A3-B920F0D09E1A}.Debug|x64.ActiveCfg = Debug|x64
		{E5117CD6-6DD5-4126-88A3-B920F0D09E1A}.Debug|x64.Build.0 = Debug|x64
		{E5117CD6-6DD5-4126-88A3-B920F0D09E1A}.Debug|x86.ActiveCfg = Debug|Win32
		{E5117CD6-6DD5-4126-88A3-B920F0D09E1A}.Debug|x86.Build.0 = Debug|Win32
		{E5117CD6-6DD5-4126-88A3-B920F0D09E1A}.Release|Any CPU.ActiveCfg = Release|x64
		{E5117CD6-6DD5-4126-88A3-B920F0D09E1A}.Release|Any CPU.Build.0 = Release|x64
		{E5117CD6-6DD5-4126-88A3-B920F0D09E1A}.Release|x64.ActiveCfg = Release|x64
		{E5117CD6-6DD5-4126-88A3-B920F0D09E1A}.Release|x64.Build.0 = Release|x64
		{E5117CD6-6DD5-4126-88A3-B920F0D09E1A}.Release|x86.ActiveCfg = Release|Win32
		{E5117CD6-6DD5-4126-88A3-B920F0D09E1A}.Release|x86.Build.0 = Release|Win32
	EndGlobalSection
	GlobalSection(SolutionProperties) = preSolution
		HideSolutionNode = FALSE
	EndGlobalSection
	GlobalSection(ExtensibilityGlobals) = postSolution
		SolutionGuid = {EB01152C-7DBE-4BAA-9137-AF1F0892EE82}
	EndGlobalSection
EndGlobal
